
Microsoft Visual Studio Solution File, Format Version 12.00
# Visual Studio 15
VisualStudioVersion = 15.0.27428.2037
MinimumVisualStudioVersion = 10.0.40219.1
Project("{2150E333-8FDC-42A3-9474-1A3956D46DE8}") = "src", "src", "{F1BE5EF0-AE22-409F-A49D-913D00AED1DD}"
EndProject
Project("{9A19103F-16F7-4668-BE54-9A1E7A4F7556}") = "Resmap.API", "Resmap.API\Resmap.API.csproj", "{7855D75A-4F1C-471B-9F42-AF7ADA2F1706}"
EndProject
Project("{9A19103F-16F7-4668-BE54-9A1E7A4F7556}") = "Resmap.Web", "Resmap.Web\Resmap.Web.csproj", "{A79A1EEA-8054-4157-BAB3-AC8A279A5252}"
EndProject
Project("{9A19103F-16F7-4668-BE54-9A1E7A4F7556}") = "Resmap.Data", "Resmap.Data\Resmap.Data.csproj", "{54BA4AC2-54F2-4F7E-B7BE-DE307EA90B04}"
EndProject
Project("{9A19103F-16F7-4668-BE54-9A1E7A4F7556}") = "Resmap.Domain", "Resmap.Domain\Resmap.Domain.csproj", "{48168C2D-8209-44A0-A582-6302389F0674}"
EndProject
Project("{2150E333-8FDC-42A3-9474-1A3956D46DE8}") = "tests", "tests", "{7417053C-4974-46B2-B6D9-925D579A73AD}"
EndProject
Project("{9A19103F-16F7-4668-BE54-9A1E7A4F7556}") = "Resmap.Tests", "Resmap.Tests\Resmap.Tests.csproj", "{E1D83C8A-700B-4405-B24D-70D5BC7238DE}"
EndProject
Project("{FAE04EC0-301F-11D3-BF4B-00C04F79EFBC}") = "Resmap.Admin", "Resmap.Admin\Resmap.Admin.csproj", "{3E04DDEA-DE73-479E-8119-67FD78FEF77E}"
EndProject
Global
	GlobalSection(SolutionConfigurationPlatforms) = preSolution
		Debug|Any CPU = Debug|Any CPU
		Release|Any CPU = Release|Any CPU
	EndGlobalSection
	GlobalSection(ProjectConfigurationPlatforms) = postSolution
		{7855D75A-4F1C-471B-9F42-AF7ADA2F1706}.Debug|Any CPU.ActiveCfg = Debug|Any CPU
		{7855D75A-4F1C-471B-9F42-AF7ADA2F1706}.Debug|Any CPU.Build.0 = Debug|Any CPU
		{7855D75A-4F1C-471B-9F42-AF7ADA2F1706}.Release|Any CPU.ActiveCfg = Release|Any CPU
		{7855D75A-4F1C-471B-9F42-AF7ADA2F1706}.Release|Any CPU.Build.0 = Release|Any CPU
		{A79A1EEA-8054-4157-BAB3-AC8A279A5252}.Debug|Any CPU.ActiveCfg = Debug|Any CPU
		{A79A1EEA-8054-4157-BAB3-AC8A279A5252}.Debug|Any CPU.Build.0 = Debug|Any CPU
		{A79A1EEA-8054-4157-BAB3-AC8A279A5252}.Release|Any CPU.ActiveCfg = Release|Any CPU
		{A79A1EEA-8054-4157-BAB3-AC8A279A5252}.Release|Any CPU.Build.0 = Release|Any CPU
		{54BA4AC2-54F2-4F7E-B7BE-DE307EA90B04}.Debug|Any CPU.ActiveCfg = Debug|Any CPU
		{54BA4AC2-54F2-4F7E-B7BE-DE307EA90B04}.Debug|Any CPU.Build.0 = Debug|Any CPU
		{54BA4AC2-54F2-4F7E-B7BE-DE307EA90B04}.Release|Any CPU.ActiveCfg = Release|Any CPU
		{54BA4AC2-54F2-4F7E-B7BE-DE307EA90B04}.Release|Any CPU.Build.0 = Release|Any CPU
		{48168C2D-8209-44A0-A582-6302389F0674}.Debug|Any CPU.ActiveCfg = Debug|Any CPU
		{48168C2D-8209-44A0-A582-6302389F0674}.Debug|Any CPU.Build.0 = Debug|Any CPU
		{48168C2D-8209-44A0-A582-6302389F0674}.Release|Any CPU.ActiveCfg = Release|Any CPU
		{48168C2D-8209-44A0-A582-6302389F0674}.Release|Any CPU.Build.0 = Release|Any CPU
		{E1D83C8A-700B-4405-B24D-70D5BC7238DE}.Debug|Any CPU.ActiveCfg = Debug|Any CPU
		{E1D83C8A-700B-4405-B24D-70D5BC7238DE}.Debug|Any CPU.Build.0 = Debug|Any CPU
		{E1D83C8A-700B-4405-B24D-70D5BC7238DE}.Release|Any CPU.ActiveCfg = Release|Any CPU
		{E1D83C8A-700B-4405-B24D-70D5BC7238DE}.Release|Any CPU.Build.0 = Release|Any CPU
		{3E04DDEA-DE73-479E-8119-67FD78FEF77E}.Debug|Any CPU.ActiveCfg = Debug|Any CPU
		{3E04DDEA-DE73-479E-8119-67FD78FEF77E}.Debug|Any CPU.Build.0 = Debug|Any CPU
		{3E04DDEA-DE73-479E-8119-67FD78FEF77E}.Release|Any CPU.ActiveCfg = Release|Any CPU
		{3E04DDEA-DE73-479E-8119-67FD78FEF77E}.Release|Any CPU.Build.0 = Release|Any CPU
	EndGlobalSection
	GlobalSection(SolutionProperties) = preSolution
		HideSolutionNode = FALSE
	EndGlobalSection
	GlobalSection(NestedProjects) = preSolution
		{7855D75A-4F1C-471B-9F42-AF7ADA2F1706} = {F1BE5EF0-AE22-409F-A49D-913D00AED1DD}
		{A79A1EEA-8054-4157-BAB3-AC8A279A5252} = {F1BE5EF0-AE22-409F-A49D-913D00AED1DD}
		{54BA4AC2-54F2-4F7E-B7BE-DE307EA90B04} = {F1BE5EF0-AE22-409F-A49D-913D00AED1DD}
		{48168C2D-8209-44A0-A582-6302389F0674} = {F1BE5EF0-AE22-409F-A49D-913D00AED1DD}
		{E1D83C8A-700B-4405-B24D-70D5BC7238DE} = {7417053C-4974-46B2-B6D9-925D579A73AD}
		{3E04DDEA-DE73-479E-8119-67FD78FEF77E} = {F1BE5EF0-AE22-409F-A49D-913D00AED1DD}
	EndGlobalSection
	GlobalSection(ExtensibilityGlobals) = postSolution
		SolutionGuid = {A821077F-A83F-49E6-BAA6-2F3F9B5C7D6D}
	EndGlobalSection
EndGlobal
