
Microsoft Visual Studio Solution File, Format Version 12.00
# Visual Studio 15
VisualStudioVersion = 15.0.27428.2037
MinimumVisualStudioVersion = 10.0.40219.1
Project("{2150E333-8FDC-42A3-9474-1A3956D46DE8}") = "src", "src", "{F1BE5EF0-AE22-409F-A49D-913D00AED1DD}"
EndProject
Project("{9A19103F-16F7-4668-BE54-9A1E7A4F7556}") = "Resmap.API", "Resmap.API\Resmap.API.csproj", "{7855D75A-4F1C-471B-9F42-AF7ADA2F1706}"
EndProject
Project("{FAE04EC0-301F-11D3-BF4B-00C04F79EFBC}") = "Resmap.Web", "Resmap.Web\Resmap.Web.csproj", "{A79A1EEA-8054-4157-BAB3-AC8A279A5252}"
EndProject
Global
	GlobalSection(SolutionConfigurationPlatforms) = preSolution
		Debug|Any CPU = Debug|Any CPU
		Release|Any CPU = Release|Any CPU
	EndGlobalSection
	GlobalSection(ProjectConfigurationPlatforms) = postSolution
		{7855D75A-4F1C-471B-9F42-AF7ADA2F1706}.Debug|Any CPU.ActiveCfg = Debug|Any CPU
		{7855D75A-4F1C-471B-9F42-AF7ADA2F1706}.Debug|Any CPU.Build.0 = Debug|Any CPU
		{7855D75A-4F1C-471B-9F42-AF7ADA2F1706}.Release|Any CPU.ActiveCfg = Release|Any CPU
		{7855D75A-4F1C-471B-9F42-AF7ADA2F1706}.Release|Any CPU.Build.0 = Release|Any CPU
		{A79A1EEA-8054-4157-BAB3-AC8A279A5252}.Debug|Any CPU.ActiveCfg = Debug|Any CPU
		{A79A1EEA-8054-4157-BAB3-AC8A279A5252}.Debug|Any CPU.Build.0 = Debug|Any CPU
		{A79A1EEA-8054-4157-BAB3-AC8A279A5252}.Release|Any CPU.ActiveCfg = Release|Any CPU
		{A79A1EEA-8054-4157-BAB3-AC8A279A5252}.Release|Any CPU.Build.0 = Release|Any CPU
	EndGlobalSection
	GlobalSection(SolutionProperties) = preSolution
		HideSolutionNode = FALSE
	EndGlobalSection
	GlobalSection(NestedProjects) = preSolution
		{7855D75A-4F1C-471B-9F42-AF7ADA2F1706} = {F1BE5EF0-AE22-409F-A49D-913D00AED1DD}
		{A79A1EEA-8054-4157-BAB3-AC8A279A5252} = {F1BE5EF0-AE22-409F-A49D-913D00AED1DD}
	EndGlobalSection
	GlobalSection(ExtensibilityGlobals) = postSolution
		SolutionGuid = {A821077F-A83F-49E6-BAA6-2F3F9B5C7D6D}
	EndGlobalSection
EndGlobal
